// !$*UTF8*$!
{
	archiveVersion = 1;
	classes = {
	};
	objectVersion = 46;
	objects = {

/* Begin PBXBuildFile section */
		1037FE7F144BBB0900E642C6 /* UIKit.framework in Frameworks */ = {isa = PBXBuildFile; fileRef = 1037FE7E144BBB0900E642C6 /* UIKit.framework */; };
		1037FE81144BBB0900E642C6 /* Foundation.framework in Frameworks */ = {isa = PBXBuildFile; fileRef = 1037FE80144BBB0900E642C6 /* Foundation.framework */; };
		1037FE83144BBB0900E642C6 /* CoreGraphics.framework in Frameworks */ = {isa = PBXBuildFile; fileRef = 1037FE82144BBB0900E642C6 /* CoreGraphics.framework */; };
		1037FE89144BBB0900E642C6 /* InfoPlist.strings in Resources */ = {isa = PBXBuildFile; fileRef = 1037FE87144BBB0900E642C6 /* InfoPlist.strings */; };
		1037FE8B144BBB0900E642C6 /* main.m in Sources */ = {isa = PBXBuildFile; fileRef = 1037FE8A144BBB0900E642C6 /* main.m */; };
		1037FE8F144BBB0900E642C6 /* KeyboardTestAppDelegate.m in Sources */ = {isa = PBXBuildFile; fileRef = 1037FE8E144BBB0900E642C6 /* KeyboardTestAppDelegate.m */; };
		1037FE92144BBB0900E642C6 /* MainWindow.xib in Resources */ = {isa = PBXBuildFile; fileRef = 1037FE90144BBB0900E642C6 /* MainWindow.xib */; };
		1037FE9B144BBF1900E642C6 /* KeyboardViewController.m in Sources */ = {isa = PBXBuildFile; fileRef = 1037FE99144BBF1900E642C6 /* KeyboardViewController.m */; };
		1037FE9C144BBF1A00E642C6 /* KeyboardViewController.xib in Resources */ = {isa = PBXBuildFile; fileRef = 1037FE9A144BBF1900E642C6 /* KeyboardViewController.xib */; };
/* End PBXBuildFile section */

/* Begin PBXFileReference section */
		1037FE7A144BBB0900E642C6 /* KeyboardTest.app */ = {isa = PBXFileReference; explicitFileType = wrapper.application; includeInIndex = 0; path = KeyboardTest.app; sourceTree = BUILT_PRODUCTS_DIR; };
		1037FE7E144BBB0900E642C6 /* UIKit.framework */ = {isa = PBXFileReference; lastKnownFileType = wrapper.framework; name = UIKit.framework; path = System/Library/Frameworks/UIKit.framework; sourceTree = SDKROOT; };
		1037FE80144BBB0900E642C6 /* Foundation.framework */ = {isa = PBXFileReference; lastKnownFileType = wrapper.framework; name = Foundation.framework; path = System/Library/Frameworks/Foundation.framework; sourceTree = SDKROOT; };
		1037FE82144BBB0900E642C6 /* CoreGraphics.framework */ = {isa = PBXFileReference; lastKnownFileType = wrapper.framework; name = CoreGraphics.framework; path = System/Library/Frameworks/CoreGraphics.framework; sourceTree = SDKROOT; };
		1037FE86144BBB0900E642C6 /* KeyboardTest-Info.plist */ = {isa = PBXFileReference; lastKnownFileType = text.plist.xml; path = "KeyboardTest-Info.plist"; sourceTree = "<group>"; };
		1037FE88144BBB0900E642C6 /* en */ = {isa = PBXFileReference; lastKnownFileType = text.plist.strings; name = en; path = en.lproj/InfoPlist.strings; sourceTree = "<group>"; };
		1037FE8A144BBB0900E642C6 /* main.m */ = {isa = PBXFileReference; lastKnownFileType = sourcecode.c.objc; path = main.m; sourceTree = "<group>"; };
		1037FE8C144BBB0900E642C6 /* KeyboardTest-Prefix.pch */ = {isa = PBXFileReference; lastKnownFileType = sourcecode.c.h; path = "KeyboardTest-Prefix.pch"; sourceTree = "<group>"; };
		1037FE8D144BBB0900E642C6 /* KeyboardTestAppDelegate.h */ = {isa = PBXFileReference; lastKnownFileType = sourcecode.c.h; path = KeyboardTestAppDelegate.h; sourceTree = "<group>"; };
		1037FE8E144BBB0900E642C6 /* KeyboardTestAppDelegate.m */ = {isa = PBXFileReference; lastKnownFileType = sourcecode.c.objc; path = KeyboardTestAppDelegate.m; sourceTree = "<group>"; };
		1037FE91144BBB0900E642C6 /* en */ = {isa = PBXFileReference; lastKnownFileType = file.xib; name = en; path = en.lproj/MainWindow.xib; sourceTree = "<group>"; };
		1037FE98144BBF1900E642C6 /* KeyboardViewController.h */ = {isa = PBXFileReference; fileEncoding = 4; lastKnownFileType = sourcecode.c.h; path = KeyboardViewController.h; sourceTree = "<group>"; };
		1037FE99144BBF1900E642C6 /* KeyboardViewController.m */ = {isa = PBXFileReference; fileEncoding = 4; lastKnownFileType = sourcecode.c.objc; path = KeyboardViewController.m; sourceTree = "<group>"; };
		1037FE9A144BBF1900E642C6 /* KeyboardViewController.xib */ = {isa = PBXFileReference; fileEncoding = 4; lastKnownFileType = file.xib; path = KeyboardViewController.xib; sourceTree = "<group>"; };
/* End PBXFileReference section */

/* Begin PBXFrameworksBuildPhase section */
		1037FE77144BBB0900E642C6 /* Frameworks */ = {
			isa = PBXFrameworksBuildPhase;
			buildActionMask = 2147483647;
			files = (
				1037FE7F144BBB0900E642C6 /* UIKit.framework in Frameworks */,
				1037FE81144BBB0900E642C6 /* Foundation.framework in Frameworks */,
				1037FE83144BBB0900E642C6 /* CoreGraphics.framework in Frameworks */,
			);
			runOnlyForDeploymentPostprocessing = 0;
		};
/* End PBXFrameworksBuildPhase section */

/* Begin PBXGroup section */
		1037FE6F144BBB0900E642C6 = {
			isa = PBXGroup;
			children = (
				1037FE84144BBB0900E642C6 /* KeyboardTest */,
				1037FE7D144BBB0900E642C6 /* Frameworks */,
				1037FE7B144BBB0900E642C6 /* Products */,
			);
			sourceTree = "<group>";
		};
		1037FE7B144BBB0900E642C6 /* Products */ = {
			isa = PBXGroup;
			children = (
				1037FE7A144BBB0900E642C6 /* KeyboardTest.app */,
			);
			name = Products;
			sourceTree = "<group>";
		};
		1037FE7D144BBB0900E642C6 /* Frameworks */ = {
			isa = PBXGroup;
			children = (
				1037FE7E144BBB0900E642C6 /* UIKit.framework */,
				1037FE80144BBB0900E642C6 /* Foundation.framework */,
				1037FE82144BBB0900E642C6 /* CoreGraphics.framework */,
			);
			name = Frameworks;
			sourceTree = "<group>";
		};
		1037FE84144BBB0900E642C6 /* KeyboardTest */ = {
			isa = PBXGroup;
			children = (
				1037FE8D144BBB0900E642C6 /* KeyboardTestAppDelegate.h */,
				1037FE8E144BBB0900E642C6 /* KeyboardTestAppDelegate.m */,
				1037FE90144BBB0900E642C6 /* MainWindow.xib */,
				1037FE85144BBB0900E642C6 /* Supporting Files */,
				1037FE98144BBF1900E642C6 /* KeyboardViewController.h */,
				1037FE99144BBF1900E642C6 /* KeyboardViewController.m */,
				1037FE9A144BBF1900E642C6 /* KeyboardViewController.xib */,
			);
			path = KeyboardTest;
			sourceTree = "<group>";
		};
		1037FE85144BBB0900E642C6 /* Supporting Files */ = {
			isa = PBXGroup;
			children = (
				1037FE86144BBB0900E642C6 /* KeyboardTest-Info.plist */,
				1037FE87144BBB0900E642C6 /* InfoPlist.strings */,
				1037FE8A144BBB0900E642C6 /* main.m */,
				1037FE8C144BBB0900E642C6 /* KeyboardTest-Prefix.pch */,
			);
			name = "Supporting Files";
			sourceTree = "<group>";
		};
/* End PBXGroup section */

/* Begin PBXNativeTarget section */
		1037FE79144BBB0900E642C6 /* KeyboardTest */ = {
			isa = PBXNativeTarget;
			buildConfigurationList = 1037FE95144BBB0900E642C6 /* Build configuration list for PBXNativeTarget "KeyboardTest" */;
			buildPhases = (
				1037FE76144BBB0900E642C6 /* Sources */,
				1037FE77144BBB0900E642C6 /* Frameworks */,
				1037FE78144BBB0900E642C6 /* Resources */,
			);
			buildRules = (
			);
			dependencies = (
			);
			name = KeyboardTest;
			productName = KeyboardTest;
			productReference = 1037FE7A144BBB0900E642C6 /* KeyboardTest.app */;
			productType = "com.apple.product-type.application";
		};
/* End PBXNativeTarget section */

/* Begin PBXProject section */
		1037FE71144BBB0900E642C6 /* Project object */ = {
			isa = PBXProject;
			buildConfigurationList = 1037FE74144BBB0900E642C6 /* Build configuration list for PBXProject "KeyboardTest" */;
			compatibilityVersion = "Xcode 3.2";
			developmentRegion = English;
			hasScannedForEncodings = 0;
			knownRegions = (
				en,
			);
			mainGroup = 1037FE6F144BBB0900E642C6;
			productRefGroup = 1037FE7B144BBB0900E642C6 /* Products */;
			projectDirPath = "";
			projectRoot = "";
			targets = (
				1037FE79144BBB0900E642C6 /* KeyboardTest */,
			);
		};
/* End PBXProject section */

/* Begin PBXResourcesBuildPhase section */
		1037FE78144BBB0900E642C6 /* Resources */ = {
			isa = PBXResourcesBuildPhase;
			buildActionMask = 2147483647;
			files = (
				1037FE89144BBB0900E642C6 /* InfoPlist.strings in Resources */,
				1037FE92144BBB0900E642C6 /* MainWindow.xib in Resources */,
				1037FE9C144BBF1A00E642C6 /* KeyboardViewController.xib in Resources */,
			);
			runOnlyForDeploymentPostprocessing = 0;
		};
/* End PBXResourcesBuildPhase section */

/* Begin PBXSourcesBuildPhase section */
		1037FE76144BBB0900E642C6 /* Sources */ = {
			isa = PBXSourcesBuildPhase;
			buildActionMask = 2147483647;
			files = (
				1037FE8B144BBB0900E642C6 /* main.m in Sources */,
				1037FE8F144BBB0900E642C6 /* KeyboardTestAppDelegate.m in Sources */,
				1037FE9B144BBF1900E642C6 /* KeyboardViewController.m in Sources */,
			);
			runOnlyForDeploymentPostprocessing = 0;
		};
/* End PBXSourcesBuildPhase section */

/* Begin PBXVariantGroup section */
		1037FE87144BBB0900E642C6 /* InfoPlist.strings */ = {
			isa = PBXVariantGroup;
			children = (
				1037FE88144BBB0900E642C6 /* en */,
			);
			name = InfoPlist.strings;
			sourceTree = "<group>";
		};
		1037FE90144BBB0900E642C6 /* MainWindow.xib */ = {
			isa = PBXVariantGroup;
			children = (
				1037FE91144BBB0900E642C6 /* en */,
			);
			name = MainWindow.xib;
			sourceTree = "<group>";
		};
/* End PBXVariantGroup section */

/* Begin XCBuildConfiguration section */
		1037FE93144BBB0900E642C6 /* Debug */ = {
			isa = XCBuildConfiguration;
			buildSettings = {
				ALWAYS_SEARCH_USER_PATHS = NO;
				ARCHS = "$(ARCHS_STANDARD_32_BIT)";
				"CODE_SIGN_IDENTITY[sdk=iphoneos*]" = "iPhone Developer";
				COPY_PHASE_STRIP = NO;
				GCC_C_LANGUAGE_STANDARD = gnu99;
				GCC_DYNAMIC_NO_PIC = NO;
				GCC_OPTIMIZATION_LEVEL = 0;
				GCC_PREPROCESSOR_DEFINITIONS = (
					"DEBUG=1",
					"$(inherited)",
				);
				GCC_SYMBOLS_PRIVATE_EXTERN = NO;
				GCC_VERSION = com.apple.compilers.llvmgcc42;
				GCC_WARN_ABOUT_MISSING_PROTOTYPES = YES;
				GCC_WARN_ABOUT_RETURN_TYPE = YES;
				GCC_WARN_UNUSED_VARIABLE = YES;
				IPHONEOS_DEPLOYMENT_TARGET = 4.3;
				SDKROOT = iphoneos;
			};
			name = Debug;
		};
		1037FE94144BBB0900E642C6 /* Release */ = {
			isa = XCBuildConfiguration;
			buildSettings = {
				ALWAYS_SEARCH_USER_PATHS = NO;
				ARCHS = "$(ARCHS_STANDARD_32_BIT)";
				"CODE_SIGN_IDENTITY[sdk=iphoneos*]" = "iPhone Developer";
				COPY_PHASE_STRIP = YES;
				GCC_C_LANGUAGE_STANDARD = gnu99;
				GCC_VERSION = com.apple.compilers.llvmgcc42;
				GCC_WARN_ABOUT_MISSING_PROTOTYPES = YES;
				GCC_WARN_ABOUT_RETURN_TYPE = YES;
				GCC_WARN_UNUSED_VARIABLE = YES;
				IPHONEOS_DEPLOYMENT_TARGET = 4.3;
				OTHER_CFLAGS = "-DNS_BLOCK_ASSERTIONS=1";
				SDKROOT = iphoneos;
				VALIDATE_PRODUCT = YES;
			};
			name = Release;
		};
		1037FE96144BBB0900E642C6 /* Debug */ = {
			isa = XCBuildConfiguration;
			buildSettings = {
				GCC_PRECOMPILE_PREFIX_HEADER = YES;
				GCC_PREFIX_HEADER = "KeyboardTest/KeyboardTest-Prefix.pch";
				INFOPLIST_FILE = "KeyboardTest/KeyboardTest-Info.plist";
				PRODUCT_NAME = "$(TARGET_NAME)";
				WRAPPER_EXTENSION = app;
			};
			name = Debug;
		};
		1037FE97144BBB0900E642C6 /* Release */ = {
			isa = XCBuildConfiguration;
			buildSettings = {
				GCC_PRECOMPILE_PREFIX_HEADER = YES;
				GCC_PREFIX_HEADER = "KeyboardTest/KeyboardTest-Prefix.pch";
				INFOPLIST_FILE = "KeyboardTest/KeyboardTest-Info.plist";
				PRODUCT_NAME = "$(TARGET_NAME)";
				WRAPPER_EXTENSION = app;
			};
			name = Release;
		};
/* End XCBuildConfiguration section */

/* Begin XCConfigurationList section */
		1037FE74144BBB0900E642C6 /* Build configuration list for PBXProject "KeyboardTest" */ = {
			isa = XCConfigurationList;
			buildConfigurations = (
				1037FE93144BBB0900E642C6 /* Debug */,
				1037FE94144BBB0900E642C6 /* Release */,
			);
			defaultConfigurationIsVisible = 0;
			defaultConfigurationName = Release;
		};
		1037FE95144BBB0900E642C6 /* Build configuration list for PBXNativeTarget "KeyboardTest" */ = {
			isa = XCConfigurationList;
			buildConfigurations = (
				1037FE96144BBB0900E642C6 /* Debug */,
				1037FE97144BBB0900E642C6 /* Release */,
			);
			defaultConfigurationIsVisible = 0;
		};
/* End XCConfigurationList section */
	};
	rootObject = 1037FE71144BBB0900E642C6 /* Project object */;
}
